// !$*UTF8*$!
{
	archiveVersion = 1;
	classes = {
	};
	objectVersion = 46;
	objects = {

/* Begin PBXBuildFile section */
		B50B00E01E29F4650064F62E /* AppDelegate.swift in Sources */ = {isa = PBXBuildFile; fileRef = B50B00DF1E29F4650064F62E /* AppDelegate.swift */; };
		B50B00E21E29F4650064F62E /* ViewController.swift in Sources */ = {isa = PBXBuildFile; fileRef = B50B00E11E29F4650064F62E /* ViewController.swift */; };
		B50B00E51E29F4650064F62E /* Main.storyboard in Resources */ = {isa = PBXBuildFile; fileRef = B50B00E31E29F4650064F62E /* Main.storyboard */; };
		B50B00E71E29F4650064F62E /* Assets.xcassets in Resources */ = {isa = PBXBuildFile; fileRef = B50B00E61E29F4650064F62E /* Assets.xcassets */; };
		B50B00EA1E29F4650064F62E /* LaunchScreen.storyboard in Resources */ = {isa = PBXBuildFile; fileRef = B50B00E81E29F4650064F62E /* LaunchScreen.storyboard */; };
/* End PBXBuildFile section */

/* Begin PBXFileReference section */
		B50B00DC1E29F4650064F62E /* SwiftPomodoro.app */ = {isa = PBXFileReference; explicitFileType = wrapper.application; includeInIndex = 0; path = SwiftPomodoro.app; sourceTree = BUILT_PRODUCTS_DIR; };
		B50B00DF1E29F4650064F62E /* AppDelegate.swift */ = {isa = PBXFileReference; lastKnownFileType = sourcecode.swift; path = AppDelegate.swift; sourceTree = "<group>"; };
		B50B00E11E29F4650064F62E /* ViewController.swift */ = {isa = PBXFileReference; lastKnownFileType = sourcecode.swift; path = ViewController.swift; sourceTree = "<group>"; };
		B50B00E41E29F4650064F62E /* Base */ = {isa = PBXFileReference; lastKnownFileType = file.storyboard; name = Base; path = Base.lproj/Main.storyboard; sourceTree = "<group>"; };
		B50B00E61E29F4650064F62E /* Assets.xcassets */ = {isa = PBXFileReference; lastKnownFileType = folder.assetcatalog; path = Assets.xcassets; sourceTree = "<group>"; };
		B50B00E91E29F4650064F62E /* Base */ = {isa = PBXFileReference; lastKnownFileType = file.storyboard; name = Base; path = Base.lproj/LaunchScreen.storyboard; sourceTree = "<group>"; };
		B50B00EB1E29F4650064F62E /* Info.plist */ = {isa = PBXFileReference; lastKnownFileType = text.plist.xml; path = Info.plist; sourceTree = "<group>"; };
/* End PBXFileReference section */

/* Begin PBXFrameworksBuildPhase section */
		B50B00D91E29F4650064F62E /* Frameworks */ = {
			isa = PBXFrameworksBuildPhase;
			buildActionMask = 2147483647;
			files = (
			);
			runOnlyForDeploymentPostprocessing = 0;
		};
/* End PBXFrameworksBuildPhase section */

/* Begin PBXGroup section */
		B50B00D31E29F4650064F62E = {
			isa = PBXGroup;
			children = (
				B50B00DE1E29F4650064F62E /* SwiftPomodoro */,
				B50B00DD1E29F4650064F62E /* Products */,
			);
			sourceTree = "<group>";
		};
		B50B00DD1E29F4650064F62E /* Products */ = {
			isa = PBXGroup;
			children = (
				B50B00DC1E29F4650064F62E /* SwiftPomodoro.app */,
			);
			name = Products;
			sourceTree = "<group>";
		};
		B50B00DE1E29F4650064F62E /* SwiftPomodoro */ = {
			isa = PBXGroup;
			children = (
				B50B00DF1E29F4650064F62E /* AppDelegate.swift */,
				B50B00E11E29F4650064F62E /* ViewController.swift */,
				B50B00E31E29F4650064F62E /* Main.storyboard */,
				B50B00E61E29F4650064F62E /* Assets.xcassets */,
				B50B00E81E29F4650064F62E /* LaunchScreen.storyboard */,
				B50B00EB1E29F4650064F62E /* Info.plist */,
			);
			path = SwiftPomodoro;
			sourceTree = "<group>";
		};
/* End PBXGroup section */

/* Begin PBXNativeTarget section */
		B50B00DB1E29F4650064F62E /* SwiftPomodoro */ = {
			isa = PBXNativeTarget;
			buildConfigurationList = B50B00EE1E29F4650064F62E /* Build configuration list for PBXNativeTarget "SwiftPomodoro" */;
			buildPhases = (
				B50B00D81E29F4650064F62E /* Sources */,
				B50B00D91E29F4650064F62E /* Frameworks */,
				B50B00DA1E29F4650064F62E /* Resources */,
			);
			buildRules = (
			);
			dependencies = (
			);
			name = SwiftPomodoro;
			productName = SwiftPomodoro;
			productReference = B50B00DC1E29F4650064F62E /* SwiftPomodoro.app */;
			productType = "com.apple.product-type.application";
		};
/* End PBXNativeTarget section */

/* Begin PBXProject section */
		B50B00D41E29F4650064F62E /* Project object */ = {
			isa = PBXProject;
			attributes = {
				LastSwiftUpdateCheck = 0820;
				LastUpgradeCheck = 0820;
				ORGANIZATIONNAME = "Sean Nam";
				TargetAttributes = {
					B50B00DB1E29F4650064F62E = {
						CreatedOnToolsVersion = 8.2;
						ProvisioningStyle = Automatic;
					};
				};
			};
			buildConfigurationList = B50B00D71E29F4650064F62E /* Build configuration list for PBXProject "SwiftPomodoro" */;
			compatibilityVersion = "Xcode 3.2";
			developmentRegion = English;
			hasScannedForEncodings = 0;
			knownRegions = (
				en,
				Base,
			);
			mainGroup = B50B00D31E29F4650064F62E;
			productRefGroup = B50B00DD1E29F4650064F62E /* Products */;
			projectDirPath = "";
			projectRoot = "";
			targets = (
				B50B00DB1E29F4650064F62E /* SwiftPomodoro */,
			);
		};
/* End PBXProject section */

/* Begin PBXResourcesBuildPhase section */
		B50B00DA1E29F4650064F62E /* Resources */ = {
			isa = PBXResourcesBuildPhase;
			buildActionMask = 2147483647;
			files = (
				B50B00EA1E29F4650064F62E /* LaunchScreen.storyboard in Resources */,
				B50B00E71E29F4650064F62E /* Assets.xcassets in Resources */,
				B50B00E51E29F4650064F62E /* Main.storyboard in Resources */,
			);
			runOnlyForDeploymentPostprocessing = 0;
		};
/* End PBXResourcesBuildPhase section */

/* Begin PBXSourcesBuildPhase section */
		B50B00D81E29F4650064F62E /* Sources */ = {
			isa = PBXSourcesBuildPhase;
			buildActionMask = 2147483647;
			files = (
				B50B00E21E29F4650064F62E /* ViewController.swift in Sources */,
				B50B00E01E29F4650064F62E /* AppDelegate.swift in Sources */,
			);
			runOnlyForDeploymentPostprocessing = 0;
		};
/* End PBXSourcesBuildPhase section */

/* Begin PBXVariantGroup section */
		B50B00E31E29F4650064F62E /* Main.storyboard */ = {
			isa = PBXVariantGroup;
			children = (
				B50B00E41E29F4650064F62E /* Base */,
			);
			name = Main.storyboard;
			sourceTree = "<group>";
		};
		B50B00E81E29F4650064F62E /* LaunchScreen.storyboard */ = {
			isa = PBXVariantGroup;
			children = (
				B50B00E91E29F4650064F62E /* Base */,
			);
			name = LaunchScreen.storyboard;
			sourceTree = "<group>";
		};
/* End PBXVariantGroup section */

/* Begin XCBuildConfiguration section */
		B50B00EC1E29F4650064F62E /* Debug */ = {
			isa = XCBuildConfiguration;
			buildSettings = {
				ALWAYS_SEARCH_USER_PATHS = NO;
				CLANG_ANALYZER_NONNULL = YES;
				CLANG_CXX_LANGUAGE_STANDARD = "gnu++0x";
				CLANG_CXX_LIBRARY = "libc++";
				CLANG_ENABLE_MODULES = YES;
				CLANG_ENABLE_OBJC_ARC = YES;
				CLANG_WARN_BOOL_CONVERSION = YES;
				CLANG_WARN_CONSTANT_CONVERSION = YES;
				CLANG_WARN_DIRECT_OBJC_ISA_USAGE = YES_ERROR;
				CLANG_WARN_DOCUMENTATION_COMMENTS = YES;
				CLANG_WARN_EMPTY_BODY = YES;
				CLANG_WARN_ENUM_CONVERSION = YES;
				CLANG_WARN_INFINITE_RECURSION = YES;
				CLANG_WARN_INT_CONVERSION = YES;
				CLANG_WARN_OBJC_ROOT_CLASS = YES_ERROR;
				CLANG_WARN_SUSPICIOUS_MOVE = YES;
				CLANG_WARN_UNREACHABLE_CODE = YES;
				CLANG_WARN__DUPLICATE_METHOD_MATCH = YES;
				"CODE_SIGN_IDENTITY[sdk=iphoneos*]" = "iPhone Developer";
				COPY_PHASE_STRIP = NO;
				DEBUG_INFORMATION_FORMAT = dwarf;
				ENABLE_STRICT_OBJC_MSGSEND = YES;
				ENABLE_TESTABILITY = YES;
				GCC_C_LANGUAGE_STANDARD = gnu99;
				GCC_DYNAMIC_NO_PIC = NO;
				GCC_NO_COMMON_BLOCKS = YES;
				GCC_OPTIMIZATION_LEVEL = 0;
				GCC_PREPROCESSOR_DEFINITIONS = (
					"DEBUG=1",
					"$(inherited)",
				);
				GCC_WARN_64_TO_32_BIT_CONVERSION = YES;
				GCC_WARN_ABOUT_RETURN_TYPE = YES_ERROR;
				GCC_WARN_UNDECLARED_SELECTOR = YES;
				GCC_WARN_UNINITIALIZED_AUTOS = YES_AGGRESSIVE;
				GCC_WARN_UNUSED_FUNCTION = YES;
				GCC_WARN_UNUSED_VARIABLE = YES;
				IPHONEOS_DEPLOYMENT_TARGET = 10.2;
				MTL_ENABLE_DEBUG_INFO = YES;
				ONLY_ACTIVE_ARCH = YES;
				SDKROOT = iphoneos;
				SWIFT_ACTIVE_COMPILATION_CONDITIONS = DEBUG;
				SWIFT_OPTIMIZATION_LEVEL = "-Onone";
			};
			name = Debug;
		};
		B50B00ED1E29F4650064F62E /* Release */ = {
			isa = XCBuildConfiguration;
			buildSettings = {
				ALWAYS_SEARCH_USER_PATHS = NO;
				CLANG_ANALYZER_NONNULL = YES;
				CLANG_CXX_LANGUAGE_STANDARD = "gnu++0x";
				CLANG_CXX_LIBRARY = "libc++";
				CLANG_ENABLE_MODULES = YES;
				CLANG_ENABLE_OBJC_ARC = YES;
				CLANG_WARN_BOOL_CONVERSION = YES;
				CLANG_WARN_CONSTANT_CONVERSION = YES;
				CLANG_WARN_DIRECT_OBJC_ISA_USAGE = YES_ERROR;
				CLANG_WARN_DOCUMENTATION_COMMENTS = YES;
				CLANG_WARN_EMPTY_BODY = YES;
				CLANG_WARN_ENUM_CONVERSION = YES;
				CLANG_WARN_INFINITE_RECURSION = YES;
				CLANG_WARN_INT_CONVERSION = YES;
				CLANG_WARN_OBJC_ROOT_CLASS = YES_ERROR;
				CLANG_WARN_SUSPICIOUS_MOVE = YES;
				CLANG_WARN_UNREACHABLE_CODE = YES;
				CLANG_WARN__DUPLICATE_METHOD_MATCH = YES;
				"CODE_SIGN_IDENTITY[sdk=iphoneos*]" = "iPhone Developer";
				COPY_PHASE_STRIP = NO;
				DEBUG_INFORMATION_FORMAT = "dwarf-with-dsym";
				ENABLE_NS_ASSERTIONS = NO;
				ENABLE_STRICT_OBJC_MSGSEND = YES;
				GCC_C_LANGUAGE_STANDARD = gnu99;
				GCC_NO_COMMON_BLOCKS = YES;
				GCC_WARN_64_TO_32_BIT_CONVERSION = YES;
				GCC_WARN_ABOUT_RETURN_TYPE = YES_ERROR;
				GCC_WARN_UNDECLARED_SELECTOR = YES;
				GCC_WARN_UNINITIALIZED_AUTOS = YES_AGGRESSIVE;
				GCC_WARN_UNUSED_FUNCTION = YES;
				GCC_WARN_UNUSED_VARIABLE = YES;
				IPHONEOS_DEPLOYMENT_TARGET = 10.2;
				MTL_ENABLE_DEBUG_INFO = NO;
				SDKROOT = iphoneos;
				SWIFT_OPTIMIZATION_LEVEL = "-Owholemodule";
				VALIDATE_PRODUCT = YES;
			};
			name = Release;
		};
		B50B00EF1E29F4650064F62E /* Debug */ = {
			isa = XCBuildConfiguration;
			buildSettings = {
				ASSETCATALOG_COMPILER_APPICON_NAME = AppIcon;
				INFOPLIST_FILE = SwiftPomodoro/Info.plist;
				LD_RUNPATH_SEARCH_PATHS = "$(inherited) @executable_path/Frameworks";
				PRODUCT_BUNDLE_IDENTIFIER = com.seannam.SwiftPomodoro;
				PRODUCT_NAME = "$(TARGET_NAME)";
				SWIFT_VERSION = 3.0;
			};
			name = Debug;
		};
		B50B00F01E29F4650064F62E /* Release */ = {
			isa = XCBuildConfiguration;
			buildSettings = {
				ASSETCATALOG_COMPILER_APPICON_NAME = AppIcon;
				INFOPLIST_FILE = SwiftPomodoro/Info.plist;
				LD_RUNPATH_SEARCH_PATHS = "$(inherited) @executable_path/Frameworks";
				PRODUCT_BUNDLE_IDENTIFIER = com.seannam.SwiftPomodoro;
				PRODUCT_NAME = "$(TARGET_NAME)";
				SWIFT_VERSION = 3.0;
			};
			name = Release;
		};
/* End XCBuildConfiguration section */

/* Begin XCConfigurationList section */
		B50B00D71E29F4650064F62E /* Build configuration list for PBXProject "SwiftPomodoro" */ = {
			isa = XCConfigurationList;
			buildConfigurations = (
				B50B00EC1E29F4650064F62E /* Debug */,
				B50B00ED1E29F4650064F62E /* Release */,
			);
			defaultConfigurationIsVisible = 0;
			defaultConfigurationName = Release;
		};
		B50B00EE1E29F4650064F62E /* Build configuration list for PBXNativeTarget "SwiftPomodoro" */ = {
			isa = XCConfigurationList;
			buildConfigurations = (
				B50B00EF1E29F4650064F62E /* Debug */,
				B50B00F01E29F4650064F62E /* Release */,
			);
			defaultConfigurationIsVisible = 0;
		};
/* End XCConfigurationList section */
	};
	rootObject = B50B00D41E29F4650064F62E /* Project object */;
}
